
Microsoft Visual Studio Solution File, Format Version 12.00
# Visual Studio Version 17
VisualStudioVersion = 17.8.34511.84
MinimumVisualStudioVersion = 10.0.40219.1
Project("{FAE04EC0-301F-11D3-BF4B-00C04F79EFBC}") = "Degiskenler", "Degiskenler\Degiskenler.csproj", "{B0727EA5-E428-48DD-A1AD-2832630D22DA}"
EndProject
Global
	GlobalSection(SolutionConfigurationPlatforms) = preSolution
		Debug|Any CPU = Debug|Any CPU
		Release|Any CPU = Release|Any CPU
	EndGlobalSection
	GlobalSection(ProjectConfigurationPlatforms) = postSolution
		{B0727EA5-E428-48DD-A1AD-2832630D22DA}.Debug|Any CPU.ActiveCfg = Debug|Any CPU
		{B0727EA5-E428-48DD-A1AD-2832630D22DA}.Debug|Any CPU.Build.0 = Debug|Any CPU
		{B0727EA5-E428-48DD-A1AD-2832630D22DA}.Release|Any CPU.ActiveCfg = Release|Any CPU
		{B0727EA5-E428-48DD-A1AD-2832630D22DA}.Release|Any CPU.Build.0 = Release|Any CPU
	EndGlobalSection
	GlobalSection(SolutionProperties) = preSolution
		HideSolutionNode = FALSE
	EndGlobalSection
	GlobalSection(ExtensibilityGlobals) = postSolution
		SolutionGuid = {8EF9A0E9-FC51-48BB-862B-C5B81A74DEE2}
	EndGlobalSection
EndGlobal
