
Microsoft Visual Studio Solution File, Format Version 12.00
# Visual Studio Version 17
VisualStudioVersion = 17.8.34511.84
MinimumVisualStudioVersion = 10.0.40219.1
Project("{FAE04EC0-301F-11D3-BF4B-00C04F79EFBC}") = "PersonelKayit", "PersonelKayit\PersonelKayit.csproj", "{BAD02282-E2F5-40E0-A7A9-BFD11A9EB0DC}"
EndProject
Global
	GlobalSection(SolutionConfigurationPlatforms) = preSolution
		Debug|Any CPU = Debug|Any CPU
		Release|Any CPU = Release|Any CPU
	EndGlobalSection
	GlobalSection(ProjectConfigurationPlatforms) = postSolution
		{BAD02282-E2F5-40E0-A7A9-BFD11A9EB0DC}.Debug|Any CPU.ActiveCfg = Debug|Any CPU
		{BAD02282-E2F5-40E0-A7A9-BFD11A9EB0DC}.Debug|Any CPU.Build.0 = Debug|Any CPU
		{BAD02282-E2F5-40E0-A7A9-BFD11A9EB0DC}.Release|Any CPU.ActiveCfg = Release|Any CPU
		{BAD02282-E2F5-40E0-A7A9-BFD11A9EB0DC}.Release|Any CPU.Build.0 = Release|Any CPU
	EndGlobalSection
	GlobalSection(SolutionProperties) = preSolution
		HideSolutionNode = FALSE
	EndGlobalSection
	GlobalSection(ExtensibilityGlobals) = postSolution
		SolutionGuid = {22B93DCC-673A-4B03-A996-95B1938D49D3}
	EndGlobalSection
EndGlobal
