
Microsoft Visual Studio Solution File, Format Version 12.00
# Visual Studio Version 17
VisualStudioVersion = 17.8.34511.84
MinimumVisualStudioVersion = 10.0.40219.1
Project("{FAE04EC0-301F-11D3-BF4B-00C04F79EFBC}") = "HataKontrolleri", "HataKontrolleri\HataKontrolleri.csproj", "{A497252A-7F6D-4B49-8981-4D1023117BF7}"
EndProject
Global
	GlobalSection(SolutionConfigurationPlatforms) = preSolution
		Debug|Any CPU = Debug|Any CPU
		Release|Any CPU = Release|Any CPU
	EndGlobalSection
	GlobalSection(ProjectConfigurationPlatforms) = postSolution
		{A497252A-7F6D-4B49-8981-4D1023117BF7}.Debug|Any CPU.ActiveCfg = Debug|Any CPU
		{A497252A-7F6D-4B49-8981-4D1023117BF7}.Debug|Any CPU.Build.0 = Debug|Any CPU
		{A497252A-7F6D-4B49-8981-4D1023117BF7}.Release|Any CPU.ActiveCfg = Release|Any CPU
		{A497252A-7F6D-4B49-8981-4D1023117BF7}.Release|Any CPU.Build.0 = Release|Any CPU
	EndGlobalSection
	GlobalSection(SolutionProperties) = preSolution
		HideSolutionNode = FALSE
	EndGlobalSection
	GlobalSection(ExtensibilityGlobals) = postSolution
		SolutionGuid = {BEB5BF53-DDC1-4A53-95EE-D7BD4953C593}
	EndGlobalSection
EndGlobal
