
Microsoft Visual Studio Solution File, Format Version 12.00
# Visual Studio Version 17
VisualStudioVersion = 17.8.34511.84
MinimumVisualStudioVersion = 10.0.40219.1
Project("{FAE04EC0-301F-11D3-BF4B-00C04F79EFBC}") = "Donguler", "Donguler\Donguler.csproj", "{6956A2CE-D4C8-4AFA-98C2-A5D82B7D983E}"
EndProject
Global
	GlobalSection(SolutionConfigurationPlatforms) = preSolution
		Debug|Any CPU = Debug|Any CPU
		Release|Any CPU = Release|Any CPU
	EndGlobalSection
	GlobalSection(ProjectConfigurationPlatforms) = postSolution
		{6956A2CE-D4C8-4AFA-98C2-A5D82B7D983E}.Debug|Any CPU.ActiveCfg = Debug|Any CPU
		{6956A2CE-D4C8-4AFA-98C2-A5D82B7D983E}.Debug|Any CPU.Build.0 = Debug|Any CPU
		{6956A2CE-D4C8-4AFA-98C2-A5D82B7D983E}.Release|Any CPU.ActiveCfg = Release|Any CPU
		{6956A2CE-D4C8-4AFA-98C2-A5D82B7D983E}.Release|Any CPU.Build.0 = Release|Any CPU
	EndGlobalSection
	GlobalSection(SolutionProperties) = preSolution
		HideSolutionNode = FALSE
	EndGlobalSection
	GlobalSection(ExtensibilityGlobals) = postSolution
		SolutionGuid = {CCBEEE63-6571-4B66-8326-602D382FBB59}
	EndGlobalSection
EndGlobal
