
Microsoft Visual Studio Solution File, Format Version 12.00
# Visual Studio Version 17
VisualStudioVersion = 17.8.34511.84
MinimumVisualStudioVersion = 10.0.40219.1
Project("{FAE04EC0-301F-11D3-BF4B-00C04F79EFBC}") = "NKatmanliMimari", "NKatmanliMimari\NKatmanliMimari.csproj", "{D6AE0AFA-19A1-497C-B116-796A2936BC38}"
EndProject
Project("{FAE04EC0-301F-11D3-BF4B-00C04F79EFBC}") = "EntityLayer", "EntityLayer\EntityLayer.csproj", "{A8DC0D33-8F6A-4304-A42F-D38A87747780}"
EndProject
Project("{FAE04EC0-301F-11D3-BF4B-00C04F79EFBC}") = "DataAccessLayer", "DataAccessLayer\DataAccessLayer.csproj", "{A6A91115-53CB-45B6-80EF-D73B01232FFA}"
EndProject
Project("{FAE04EC0-301F-11D3-BF4B-00C04F79EFBC}") = "LogicLayer", "LogicLayer\LogicLayer.csproj", "{D9531ED9-7EB0-448D-8CE8-13AA16B076B7}"
EndProject
Global
	GlobalSection(SolutionConfigurationPlatforms) = preSolution
		Debug|Any CPU = Debug|Any CPU
		Release|Any CPU = Release|Any CPU
	EndGlobalSection
	GlobalSection(ProjectConfigurationPlatforms) = postSolution
		{D6AE0AFA-19A1-497C-B116-796A2936BC38}.Debug|Any CPU.ActiveCfg = Debug|Any CPU
		{D6AE0AFA-19A1-497C-B116-796A2936BC38}.Debug|Any CPU.Build.0 = Debug|Any CPU
		{D6AE0AFA-19A1-497C-B116-796A2936BC38}.Release|Any CPU.ActiveCfg = Release|Any CPU
		{D6AE0AFA-19A1-497C-B116-796A2936BC38}.Release|Any CPU.Build.0 = Release|Any CPU
		{A8DC0D33-8F6A-4304-A42F-D38A87747780}.Debug|Any CPU.ActiveCfg = Debug|Any CPU
		{A8DC0D33-8F6A-4304-A42F-D38A87747780}.Debug|Any CPU.Build.0 = Debug|Any CPU
		{A8DC0D33-8F6A-4304-A42F-D38A87747780}.Release|Any CPU.ActiveCfg = Release|Any CPU
		{A8DC0D33-8F6A-4304-A42F-D38A87747780}.Release|Any CPU.Build.0 = Release|Any CPU
		{A6A91115-53CB-45B6-80EF-D73B01232FFA}.Debug|Any CPU.ActiveCfg = Debug|Any CPU
		{A6A91115-53CB-45B6-80EF-D73B01232FFA}.Debug|Any CPU.Build.0 = Debug|Any CPU
		{A6A91115-53CB-45B6-80EF-D73B01232FFA}.Release|Any CPU.ActiveCfg = Release|Any CPU
		{A6A91115-53CB-45B6-80EF-D73B01232FFA}.Release|Any CPU.Build.0 = Release|Any CPU
		{D9531ED9-7EB0-448D-8CE8-13AA16B076B7}.Debug|Any CPU.ActiveCfg = Debug|Any CPU
		{D9531ED9-7EB0-448D-8CE8-13AA16B076B7}.Debug|Any CPU.Build.0 = Debug|Any CPU
		{D9531ED9-7EB0-448D-8CE8-13AA16B076B7}.Release|Any CPU.ActiveCfg = Release|Any CPU
		{D9531ED9-7EB0-448D-8CE8-13AA16B076B7}.Release|Any CPU.Build.0 = Release|Any CPU
	EndGlobalSection
	GlobalSection(SolutionProperties) = preSolution
		HideSolutionNode = FALSE
	EndGlobalSection
	GlobalSection(ExtensibilityGlobals) = postSolution
		SolutionGuid = {A5B49C00-CCAD-4E4F-995C-3907C9F3F537}
	EndGlobalSection
EndGlobal
